<?xml version="1.0" encoding="utf-8"?>
<Project ToolsVersion="4.0" xmlns="http://schemas.microsoft.com/developer/msbuild/2003">
  <ItemGroup>
    <Filter Include="Playtomic">
      <UniqueIdentifier>{9f392d22-4564-485c-997c-533606d6a502}</UniqueIdentifier>
    </Filter>
    <Filter Include="Curl">
      <UniqueIdentifier>{03457eab-8ac7-4811-8565-b1e91ce43612}</UniqueIdentifier>
    </Filter>
    <Filter Include="Tools">
      <UniqueIdentifier>{c9fe2213-bb9c-4910-94a4-032a73650455}</UniqueIdentifier>
    </Filter>
    <Filter Include="Json">
      <UniqueIdentifier>{732e34eb-4c67-496a-ab4b-c187ef0ad3cb}</UniqueIdentifier>
    </Filter>
  </ItemGroup>
  <ItemGroup>
    <ClCompile Include="CData.cpp">
      <Filter>Playtomic</Filter>
    </ClCompile>
    <ClCompile Include="CGameVars.cpp">
      <Filter>Playtomic</Filter>
    </ClCompile>
    <ClCompile Include="CGeoIp.cpp">
      <Filter>Playtomic</Filter>
    </ClCompile>
    <ClCompile Include="CLeaderboard.cpp">
      <Filter>Playtomic</Filter>
    </ClCompile>
    <ClCompile Include="CLevel.cpp">
      <Filter>Playtomic</Filter>
    </ClCompile>
    <ClCompile Include="CLink.cpp">
      <Filter>Playtomic</Filter>
    </ClCompile>
    <ClCompile Include="CLog.cpp">
      <Filter>Playtomic</Filter>
    </ClCompile>
    <ClCompile Include="CLogRequest.cpp">
      <Filter>Playtomic</Filter>
    </ClCompile>
    <ClCompile Include="CPlayerLevels.cpp">
      <Filter>Playtomic</Filter>
    </ClCompile>
    <ClCompile Include="CPlaytomic.cpp">
      <Filter>Playtomic</Filter>
    </ClCompile>
    <ClCompile Include="CScore.cpp">
      <Filter>Playtomic</Filter>
    </ClCompile>
    <ClCompile Include="..\CurlWrap\CConnectionInterface.cpp">
      <Filter>Curl</Filter>
    </ClCompile>
    <ClCompile Include="..\CurlWrap\CPlaytomicResponse.cpp">
      <Filter>Curl</Filter>
    </ClCompile>
    <ClCompile Include="..\CurlWrap\CPost.cpp">
      <Filter>Curl</Filter>
    </ClCompile>
    <ClCompile Include="..\CurlWrap\CRequest.cpp">
      <Filter>Curl</Filter>
    </ClCompile>
    <ClCompile Include="..\Tools\MD5.cpp">
      <Filter>Tools</Filter>
    </ClCompile>
    <ClCompile Include="..\Tools\StringHelper.cpp">
      <Filter>Tools</Filter>
    </ClCompile>
    <ClCompile Include="..\Tools\timer.cpp">
      <Filter>Tools</Filter>
    </ClCompile>
    <ClCompile Include="..\json\src\json_reader.cpp">
      <Filter>Json</Filter>
    </ClCompile>
    <ClCompile Include="..\json\src\json_value.cpp">
      <Filter>Json</Filter>
    </ClCompile>
    <ClCompile Include="..\json\src\json_writer.cpp">
      <Filter>Json</Filter>
    </ClCompile>
  </ItemGroup>
  <ItemGroup>
    <ClInclude Include="CData.h">
      <Filter>Playtomic</Filter>
    </ClInclude>
    <ClInclude Include="CGameVars.h">
      <Filter>Playtomic</Filter>
    </ClInclude>
    <ClInclude Include="CGeoIp.h">
      <Filter>Playtomic</Filter>
    </ClInclude>
    <ClInclude Include="CLeaderboard.h">
      <Filter>Playtomic</Filter>
    </ClInclude>
    <ClInclude Include="CLevel.h">
      <Filter>Playtomic</Filter>
    </ClInclude>
    <ClInclude Include="CLink.h">
      <Filter>Playtomic</Filter>
    </ClInclude>
    <ClInclude Include="CLog.h">
      <Filter>Playtomic</Filter>
    </ClInclude>
    <ClInclude Include="CLogRequest.h">
      <Filter>Playtomic</Filter>
    </ClInclude>
    <ClInclude Include="CPlayerLevels.h">
      <Filter>Playtomic</Filter>
    </ClInclude>
    <ClInclude Include="CPlaytomic.h">
      <Filter>Playtomic</Filter>
    </ClInclude>
    <ClInclude Include="CPlaytomicDelegate.h">
      <Filter>Playtomic</Filter>
    </ClInclude>
    <ClInclude Include="CScore.h">
      <Filter>Playtomic</Filter>
    </ClInclude>
    <ClInclude Include="..\CurlWrap\CConnectionInterface.h">
      <Filter>Curl</Filter>
    </ClInclude>
    <ClInclude Include="..\CurlWrap\Common.h">
      <Filter>Curl</Filter>
    </ClInclude>
    <ClInclude Include="..\CurlWrap\CPlaytomicResponse.h">
      <Filter>Curl</Filter>
    </ClInclude>
    <ClInclude Include="..\CurlWrap\CPost.h">
      <Filter>Curl</Filter>
    </ClInclude>
    <ClInclude Include="..\CurlWrap\CRequest.h">
      <Filter>Curl</Filter>
    </ClInclude>
    <ClInclude Include="..\Tools\FastDelegate.h">
      <Filter>Tools</Filter>
    </ClInclude>
    <ClInclude Include="..\Tools\FastDelegateBind.h">
      <Filter>Tools</Filter>
    </ClInclude>
    <ClInclude Include="..\Tools\MD5.h">
      <Filter>Tools</Filter>
    </ClInclude>
    <ClInclude Include="..\Tools\StringHelper.h">
      <Filter>Tools</Filter>
    </ClInclude>
    <ClInclude Include="..\Tools\timer.h">
      <Filter>Tools</Filter>
    </ClInclude>
    <ClInclude Include="..\json\src\json_batchallocator.h">
      <Filter>Json</Filter>
    </ClInclude>
    <ClInclude Include="..\json\src\json_tool.h">
      <Filter>Json</Filter>
    </ClInclude>
    <ClInclude Include="..\json\include\config.h">
      <Filter>Json</Filter>
    </ClInclude>
    <ClInclude Include="..\json\include\features.h">
      <Filter>Json</Filter>
    </ClInclude>
    <ClInclude Include="..\json\include\forwards.h">
      <Filter>Json</Filter>
    </ClInclude>
    <ClInclude Include="..\json\include\json.h">
      <Filter>Json</Filter>
    </ClInclude>
    <ClInclude Include="..\json\include\reader.h">
      <Filter>Json</Filter>
    </ClInclude>
    <ClInclude Include="..\json\include\value.h">
      <Filter>Json</Filter>
    </ClInclude>
    <ClInclude Include="..\json\include\writer.h">
      <Filter>Json</Filter>
    </ClInclude>
    <ClInclude Include="PlaytomicDefines.h">
      <Filter>Playtomic</Filter>
    </ClInclude>
  </ItemGroup>
</Project>