// !$*UTF8*$!
{
	archiveVersion = 1;
	classes = {
	};
	objectVersion = 46;
	objects = {

/* Begin PBXAggregateTarget section */
		47E397091497CC1F0099DF5E /* createPrebuild */ = {
			isa = PBXAggregateTarget;
			buildConfigurationList = 47E3970A1497CC1F0099DF5E /* Build configuration list for PBXAggregateTarget "createPrebuild" */;
			buildPhases = (
				47E3970D1497CC250099DF5E /* ShellScript */,
			);
			dependencies = (
			);
			name = createPrebuild;
			productName = createPrebuild;
		};
/* End PBXAggregateTarget section */

/* Begin PBXBuildFile section */
		47536C6E147195C500494B85 /* CConnectionInterface.cpp in Sources */ = {isa = PBXBuildFile; fileRef = 47536C1F147195C500494B85 /* CConnectionInterface.cpp */; };
		47536C6F147195C500494B85 /* CConnectionInterface.h in Headers */ = {isa = PBXBuildFile; fileRef = 47536C20147195C500494B85 /* CConnectionInterface.h */; };
		47536C70147195C500494B85 /* Common.h in Headers */ = {isa = PBXBuildFile; fileRef = 47536C21147195C500494B85 /* Common.h */; };
		47536C71147195C500494B85 /* CPlaytomicResponse.cpp in Sources */ = {isa = PBXBuildFile; fileRef = 47536C22147195C500494B85 /* CPlaytomicResponse.cpp */; };
		47536C72147195C500494B85 /* CPlaytomicResponse.h in Headers */ = {isa = PBXBuildFile; fileRef = 47536C23147195C500494B85 /* CPlaytomicResponse.h */; };
		47536C73147195C500494B85 /* CPost.cpp in Sources */ = {isa = PBXBuildFile; fileRef = 47536C24147195C500494B85 /* CPost.cpp */; };
		47536C74147195C500494B85 /* CPost.h in Headers */ = {isa = PBXBuildFile; fileRef = 47536C25147195C500494B85 /* CPost.h */; };
		47536C75147195C500494B85 /* CRequest.cpp in Sources */ = {isa = PBXBuildFile; fileRef = 47536C26147195C500494B85 /* CRequest.cpp */; };
		47536C76147195C500494B85 /* CRequest.h in Headers */ = {isa = PBXBuildFile; fileRef = 47536C27147195C500494B85 /* CRequest.h */; };
		47536C77147195C500494B85 /* autolink.h in Headers */ = {isa = PBXBuildFile; fileRef = 47536C2A147195C500494B85 /* autolink.h */; };
		47536C78147195C500494B85 /* config.h in Headers */ = {isa = PBXBuildFile; fileRef = 47536C2B147195C500494B85 /* config.h */; };
		47536C79147195C500494B85 /* features.h in Headers */ = {isa = PBXBuildFile; fileRef = 47536C2C147195C500494B85 /* features.h */; };
		47536C7A147195C500494B85 /* forwards.h in Headers */ = {isa = PBXBuildFile; fileRef = 47536C2D147195C500494B85 /* forwards.h */; };
		47536C7B147195C500494B85 /* json.h in Headers */ = {isa = PBXBuildFile; fileRef = 47536C2E147195C500494B85 /* json.h */; };
		47536C7C147195C500494B85 /* reader.h in Headers */ = {isa = PBXBuildFile; fileRef = 47536C2F147195C500494B85 /* reader.h */; };
		47536C7D147195C500494B85 /* value.h in Headers */ = {isa = PBXBuildFile; fileRef = 47536C30147195C500494B85 /* value.h */; };
		47536C7E147195C500494B85 /* writer.h in Headers */ = {isa = PBXBuildFile; fileRef = 47536C31147195C500494B85 /* writer.h */; };
		47536C7F147195C500494B85 /* json_batchallocator.h in Headers */ = {isa = PBXBuildFile; fileRef = 47536C33147195C500494B85 /* json_batchallocator.h */; };
		47536C80147195C500494B85 /* json_reader.cpp in Sources */ = {isa = PBXBuildFile; fileRef = 47536C36147195C500494B85 /* json_reader.cpp */; };
		47536C81147195C500494B85 /* json_tool.h in Headers */ = {isa = PBXBuildFile; fileRef = 47536C37147195C500494B85 /* json_tool.h */; };
		47536C82147195C500494B85 /* json_value.cpp in Sources */ = {isa = PBXBuildFile; fileRef = 47536C38147195C500494B85 /* json_value.cpp */; };
		47536C83147195C500494B85 /* json_writer.cpp in Sources */ = {isa = PBXBuildFile; fileRef = 47536C3A147195C500494B85 /* json_writer.cpp */; };
		47536C84147195C500494B85 /* CData.cpp in Sources */ = {isa = PBXBuildFile; fileRef = 47536C3D147195C500494B85 /* CData.cpp */; };
		47536C85147195C500494B85 /* CData.h in Headers */ = {isa = PBXBuildFile; fileRef = 47536C3E147195C500494B85 /* CData.h */; };
		47536C86147195C500494B85 /* CGameVars.cpp in Sources */ = {isa = PBXBuildFile; fileRef = 47536C3F147195C500494B85 /* CGameVars.cpp */; };
		47536C87147195C500494B85 /* CGameVars.h in Headers */ = {isa = PBXBuildFile; fileRef = 47536C40147195C500494B85 /* CGameVars.h */; };
		47536C88147195C500494B85 /* CGeoIp.cpp in Sources */ = {isa = PBXBuildFile; fileRef = 47536C41147195C500494B85 /* CGeoIp.cpp */; };
		47536C89147195C500494B85 /* CGeoIp.h in Headers */ = {isa = PBXBuildFile; fileRef = 47536C42147195C500494B85 /* CGeoIp.h */; };
		47536C8A147195C500494B85 /* CLeaderboard.cpp in Sources */ = {isa = PBXBuildFile; fileRef = 47536C43147195C500494B85 /* CLeaderboard.cpp */; };
		47536C8B147195C500494B85 /* CLeaderboard.h in Headers */ = {isa = PBXBuildFile; fileRef = 47536C44147195C500494B85 /* CLeaderboard.h */; };
		47536C8C147195C500494B85 /* CLevel.cpp in Sources */ = {isa = PBXBuildFile; fileRef = 47536C45147195C500494B85 /* CLevel.cpp */; };
		47536C8D147195C500494B85 /* CLevel.h in Headers */ = {isa = PBXBuildFile; fileRef = 47536C46147195C500494B85 /* CLevel.h */; };
		47536C8E147195C500494B85 /* CLink.cpp in Sources */ = {isa = PBXBuildFile; fileRef = 47536C47147195C500494B85 /* CLink.cpp */; };
		47536C8F147195C500494B85 /* CLink.h in Headers */ = {isa = PBXBuildFile; fileRef = 47536C48147195C500494B85 /* CLink.h */; };
		47536C90147195C500494B85 /* CLog.cpp in Sources */ = {isa = PBXBuildFile; fileRef = 47536C49147195C500494B85 /* CLog.cpp */; };
		47536C91147195C500494B85 /* CLog.h in Headers */ = {isa = PBXBuildFile; fileRef = 47536C4A147195C500494B85 /* CLog.h */; };
		47536C92147195C500494B85 /* CLogRequest.cpp in Sources */ = {isa = PBXBuildFile; fileRef = 47536C4B147195C500494B85 /* CLogRequest.cpp */; };
		47536C93147195C500494B85 /* CLogRequest.h in Headers */ = {isa = PBXBuildFile; fileRef = 47536C4C147195C500494B85 /* CLogRequest.h */; };
		47536C94147195C500494B85 /* CPlayerLevels.cpp in Sources */ = {isa = PBXBuildFile; fileRef = 47536C4D147195C500494B85 /* CPlayerLevels.cpp */; };
		47536C95147195C500494B85 /* CPlayerLevels.h in Headers */ = {isa = PBXBuildFile; fileRef = 47536C4E147195C500494B85 /* CPlayerLevels.h */; };
		47536C96147195C500494B85 /* CPlaytomic.cpp in Sources */ = {isa = PBXBuildFile; fileRef = 47536C4F147195C500494B85 /* CPlaytomic.cpp */; };
		47536C97147195C500494B85 /* CPlaytomic.h in Headers */ = {isa = PBXBuildFile; fileRef = 47536C50147195C500494B85 /* CPlaytomic.h */; };
		47536C98147195C500494B85 /* CPlaytomicDelegate.h in Headers */ = {isa = PBXBuildFile; fileRef = 47536C51147195C500494B85 /* CPlaytomicDelegate.h */; };
		47536C99147195C500494B85 /* CScore.cpp in Sources */ = {isa = PBXBuildFile; fileRef = 47536C52147195C500494B85 /* CScore.cpp */; };
		47536C9A147195C500494B85 /* CScore.h in Headers */ = {isa = PBXBuildFile; fileRef = 47536C53147195C500494B85 /* CScore.h */; };
		47536C9B147195C500494B85 /* PlaytomicDefines.h in Headers */ = {isa = PBXBuildFile; fileRef = 47536C60147195C500494B85 /* PlaytomicDefines.h */; };
		47536C9C147195C500494B85 /* FastDelegate.h in Headers */ = {isa = PBXBuildFile; fileRef = 47536C66147195C500494B85 /* FastDelegate.h */; };
		47536C9D147195C500494B85 /* FastDelegateBind.h in Headers */ = {isa = PBXBuildFile; fileRef = 47536C67147195C500494B85 /* FastDelegateBind.h */; };
		47536C9E147195C500494B85 /* MD5.cpp in Sources */ = {isa = PBXBuildFile; fileRef = 47536C68147195C500494B85 /* MD5.cpp */; };
		47536C9F147195C500494B85 /* MD5.h in Headers */ = {isa = PBXBuildFile; fileRef = 47536C69147195C500494B85 /* MD5.h */; };
		47536CA0147195C500494B85 /* StringHelper.cpp in Sources */ = {isa = PBXBuildFile; fileRef = 47536C6A147195C500494B85 /* StringHelper.cpp */; };
		47536CA1147195C500494B85 /* StringHelper.h in Headers */ = {isa = PBXBuildFile; fileRef = 47536C6B147195C500494B85 /* StringHelper.h */; };
		47536CA2147195C500494B85 /* timer.cpp in Sources */ = {isa = PBXBuildFile; fileRef = 47536C6C147195C500494B85 /* timer.cpp */; };
		47536CA3147195C500494B85 /* timer.h in Headers */ = {isa = PBXBuildFile; fileRef = 47536C6D147195C500494B85 /* timer.h */; };
		477D3E3D149A31F000A69F5D /* File.h in Headers */ = {isa = PBXBuildFile; fileRef = 477D3E3C149A31F000A69F5D /* File.h */; };
		477D3E3E149A31F000A69F5D /* File.h in Headers */ = {isa = PBXBuildFile; fileRef = 477D3E3C149A31F000A69F5D /* File.h */; };
		477D3E41149A34AC00A69F5D /* File.cpp in Sources */ = {isa = PBXBuildFile; fileRef = 477D3E40149A34AC00A69F5D /* File.cpp */; };
		477D3E42149A34AC00A69F5D /* File.cpp in Sources */ = {isa = PBXBuildFile; fileRef = 477D3E40149A34AC00A69F5D /* File.cpp */; };
		47A808C514880A5B00DE454A /* DataStructures.cpp in Sources */ = {isa = PBXBuildFile; fileRef = 47A808C314880A5B00DE454A /* DataStructures.cpp */; };
		47A808C614880A5B00DE454A /* DataStructures.h in Headers */ = {isa = PBXBuildFile; fileRef = 47A808C414880A5B00DE454A /* DataStructures.h */; };
		47C9824E14744635004BBEAF /* CConnectionInterface.cpp in Sources */ = {isa = PBXBuildFile; fileRef = 47536C1F147195C500494B85 /* CConnectionInterface.cpp */; };
		47C9824F14744635004BBEAF /* CPlaytomicResponse.cpp in Sources */ = {isa = PBXBuildFile; fileRef = 47536C22147195C500494B85 /* CPlaytomicResponse.cpp */; };
		47C9825014744635004BBEAF /* CPost.cpp in Sources */ = {isa = PBXBuildFile; fileRef = 47536C24147195C500494B85 /* CPost.cpp */; };
		47C9825114744635004BBEAF /* CRequest.cpp in Sources */ = {isa = PBXBuildFile; fileRef = 47536C26147195C500494B85 /* CRequest.cpp */; };
		47C9825214744635004BBEAF /* json_reader.cpp in Sources */ = {isa = PBXBuildFile; fileRef = 47536C36147195C500494B85 /* json_reader.cpp */; };
		47C9825314744635004BBEAF /* json_value.cpp in Sources */ = {isa = PBXBuildFile; fileRef = 47536C38147195C500494B85 /* json_value.cpp */; };
		47C9825414744635004BBEAF /* json_writer.cpp in Sources */ = {isa = PBXBuildFile; fileRef = 47536C3A147195C500494B85 /* json_writer.cpp */; };
		47C9825514744635004BBEAF /* CData.cpp in Sources */ = {isa = PBXBuildFile; fileRef = 47536C3D147195C500494B85 /* CData.cpp */; };
		47C9825614744635004BBEAF /* CGameVars.cpp in Sources */ = {isa = PBXBuildFile; fileRef = 47536C3F147195C500494B85 /* CGameVars.cpp */; };
		47C9825714744635004BBEAF /* CGeoIp.cpp in Sources */ = {isa = PBXBuildFile; fileRef = 47536C41147195C500494B85 /* CGeoIp.cpp */; };
		47C9825814744635004BBEAF /* CLeaderboard.cpp in Sources */ = {isa = PBXBuildFile; fileRef = 47536C43147195C500494B85 /* CLeaderboard.cpp */; };
		47C9825914744635004BBEAF /* CLevel.cpp in Sources */ = {isa = PBXBuildFile; fileRef = 47536C45147195C500494B85 /* CLevel.cpp */; };
		47C9825A14744635004BBEAF /* CLink.cpp in Sources */ = {isa = PBXBuildFile; fileRef = 47536C47147195C500494B85 /* CLink.cpp */; };
		47C9825B14744635004BBEAF /* CLog.cpp in Sources */ = {isa = PBXBuildFile; fileRef = 47536C49147195C500494B85 /* CLog.cpp */; };
		47C9825C14744635004BBEAF /* CLogRequest.cpp in Sources */ = {isa = PBXBuildFile; fileRef = 47536C4B147195C500494B85 /* CLogRequest.cpp */; };
		47C9825D14744635004BBEAF /* CPlayerLevels.cpp in Sources */ = {isa = PBXBuildFile; fileRef = 47536C4D147195C500494B85 /* CPlayerLevels.cpp */; };
		47C9825E14744635004BBEAF /* CPlaytomic.cpp in Sources */ = {isa = PBXBuildFile; fileRef = 47536C4F147195C500494B85 /* CPlaytomic.cpp */; };
		47C9825F14744635004BBEAF /* CScore.cpp in Sources */ = {isa = PBXBuildFile; fileRef = 47536C52147195C500494B85 /* CScore.cpp */; };
		47C9826014744635004BBEAF /* MD5.cpp in Sources */ = {isa = PBXBuildFile; fileRef = 47536C68147195C500494B85 /* MD5.cpp */; };
		47C9826114744635004BBEAF /* StringHelper.cpp in Sources */ = {isa = PBXBuildFile; fileRef = 47536C6A147195C500494B85 /* StringHelper.cpp */; };
		47C9826214744635004BBEAF /* timer.cpp in Sources */ = {isa = PBXBuildFile; fileRef = 47536C6C147195C500494B85 /* timer.cpp */; };
		47C9826514744635004BBEAF /* CConnectionInterface.h in Headers */ = {isa = PBXBuildFile; fileRef = 47536C20147195C500494B85 /* CConnectionInterface.h */; };
		47C9826614744635004BBEAF /* Common.h in Headers */ = {isa = PBXBuildFile; fileRef = 47536C21147195C500494B85 /* Common.h */; };
		47C9826714744635004BBEAF /* CPlaytomicResponse.h in Headers */ = {isa = PBXBuildFile; fileRef = 47536C23147195C500494B85 /* CPlaytomicResponse.h */; };
		47C9826814744635004BBEAF /* CPost.h in Headers */ = {isa = PBXBuildFile; fileRef = 47536C25147195C500494B85 /* CPost.h */; };
		47C9826914744635004BBEAF /* CRequest.h in Headers */ = {isa = PBXBuildFile; fileRef = 47536C27147195C500494B85 /* CRequest.h */; };
		47C9826A14744635004BBEAF /* autolink.h in Headers */ = {isa = PBXBuildFile; fileRef = 47536C2A147195C500494B85 /* autolink.h */; };
		47C9826B14744635004BBEAF /* config.h in Headers */ = {isa = PBXBuildFile; fileRef = 47536C2B147195C500494B85 /* config.h */; };
		47C9826C14744635004BBEAF /* features.h in Headers */ = {isa = PBXBuildFile; fileRef = 47536C2C147195C500494B85 /* features.h */; };
		47C9826D14744635004BBEAF /* forwards.h in Headers */ = {isa = PBXBuildFile; fileRef = 47536C2D147195C500494B85 /* forwards.h */; };
		47C9826E14744635004BBEAF /* json.h in Headers */ = {isa = PBXBuildFile; fileRef = 47536C2E147195C500494B85 /* json.h */; };
		47C9826F14744635004BBEAF /* reader.h in Headers */ = {isa = PBXBuildFile; fileRef = 47536C2F147195C500494B85 /* reader.h */; };
		47C9827014744635004BBEAF /* value.h in Headers */ = {isa = PBXBuildFile; fileRef = 47536C30147195C500494B85 /* value.h */; };
		47C9827114744635004BBEAF /* writer.h in Headers */ = {isa = PBXBuildFile; fileRef = 47536C31147195C500494B85 /* writer.h */; };
		47C9827214744635004BBEAF /* json_batchallocator.h in Headers */ = {isa = PBXBuildFile; fileRef = 47536C33147195C500494B85 /* json_batchallocator.h */; };
		47C9827314744635004BBEAF /* json_tool.h in Headers */ = {isa = PBXBuildFile; fileRef = 47536C37147195C500494B85 /* json_tool.h */; };
		47C9827414744635004BBEAF /* CData.h in Headers */ = {isa = PBXBuildFile; fileRef = 47536C3E147195C500494B85 /* CData.h */; };
		47C9827514744635004BBEAF /* CGameVars.h in Headers */ = {isa = PBXBuildFile; fileRef = 47536C40147195C500494B85 /* CGameVars.h */; };
		47C9827614744635004BBEAF /* CGeoIp.h in Headers */ = {isa = PBXBuildFile; fileRef = 47536C42147195C500494B85 /* CGeoIp.h */; };
		47C9827714744635004BBEAF /* CLeaderboard.h in Headers */ = {isa = PBXBuildFile; fileRef = 47536C44147195C500494B85 /* CLeaderboard.h */; };
		47C9827814744635004BBEAF /* CLevel.h in Headers */ = {isa = PBXBuildFile; fileRef = 47536C46147195C500494B85 /* CLevel.h */; };
		47C9827914744635004BBEAF /* CLink.h in Headers */ = {isa = PBXBuildFile; fileRef = 47536C48147195C500494B85 /* CLink.h */; };
		47C9827A14744635004BBEAF /* CLog.h in Headers */ = {isa = PBXBuildFile; fileRef = 47536C4A147195C500494B85 /* CLog.h */; };
		47C9827B14744635004BBEAF /* CLogRequest.h in Headers */ = {isa = PBXBuildFile; fileRef = 47536C4C147195C500494B85 /* CLogRequest.h */; };
		47C9827C14744635004BBEAF /* CPlayerLevels.h in Headers */ = {isa = PBXBuildFile; fileRef = 47536C4E147195C500494B85 /* CPlayerLevels.h */; };
		47C9827D14744635004BBEAF /* CPlaytomic.h in Headers */ = {isa = PBXBuildFile; fileRef = 47536C50147195C500494B85 /* CPlaytomic.h */; };
		47C9827E14744635004BBEAF /* CPlaytomicDelegate.h in Headers */ = {isa = PBXBuildFile; fileRef = 47536C51147195C500494B85 /* CPlaytomicDelegate.h */; };
		47C9827F14744635004BBEAF /* CScore.h in Headers */ = {isa = PBXBuildFile; fileRef = 47536C53147195C500494B85 /* CScore.h */; };
		47C9828014744635004BBEAF /* PlaytomicDefines.h in Headers */ = {isa = PBXBuildFile; fileRef = 47536C60147195C500494B85 /* PlaytomicDefines.h */; };
		47C9828114744635004BBEAF /* FastDelegate.h in Headers */ = {isa = PBXBuildFile; fileRef = 47536C66147195C500494B85 /* FastDelegate.h */; };
		47C9828214744635004BBEAF /* FastDelegateBind.h in Headers */ = {isa = PBXBuildFile; fileRef = 47536C67147195C500494B85 /* FastDelegateBind.h */; };
		47C9828314744635004BBEAF /* MD5.h in Headers */ = {isa = PBXBuildFile; fileRef = 47536C69147195C500494B85 /* MD5.h */; };
		47C9828414744635004BBEAF /* StringHelper.h in Headers */ = {isa = PBXBuildFile; fileRef = 47536C6B147195C500494B85 /* StringHelper.h */; };
		47C9828514744635004BBEAF /* timer.h in Headers */ = {isa = PBXBuildFile; fileRef = 47536C6D147195C500494B85 /* timer.h */; };
/* End PBXBuildFile section */

/* Begin PBXFileReference section */
		47536C171471954600494B85 /* libPlaytomic.a */ = {isa = PBXFileReference; explicitFileType = archive.ar; includeInIndex = 0; path = libPlaytomic.a; sourceTree = BUILT_PRODUCTS_DIR; };
		47536C1F147195C500494B85 /* CConnectionInterface.cpp */ = {isa = PBXFileReference; fileEncoding = 4; lastKnownFileType = sourcecode.cpp.cpp; path = CConnectionInterface.cpp; sourceTree = "<group>"; };
		47536C20147195C500494B85 /* CConnectionInterface.h */ = {isa = PBXFileReference; fileEncoding = 4; lastKnownFileType = sourcecode.c.h; path = CConnectionInterface.h; sourceTree = "<group>"; };
		47536C21147195C500494B85 /* Common.h */ = {isa = PBXFileReference; fileEncoding = 4; lastKnownFileType = sourcecode.c.h; path = Common.h; sourceTree = "<group>"; };
		47536C22147195C500494B85 /* CPlaytomicResponse.cpp */ = {isa = PBXFileReference; fileEncoding = 4; lastKnownFileType = sourcecode.cpp.cpp; path = CPlaytomicResponse.cpp; sourceTree = "<group>"; };
		47536C23147195C500494B85 /* CPlaytomicResponse.h */ = {isa = PBXFileReference; fileEncoding = 4; lastKnownFileType = sourcecode.c.h; path = CPlaytomicResponse.h; sourceTree = "<group>"; };
		47536C24147195C500494B85 /* CPost.cpp */ = {isa = PBXFileReference; fileEncoding = 4; lastKnownFileType = sourcecode.cpp.cpp; path = CPost.cpp; sourceTree = "<group>"; };
		47536C25147195C500494B85 /* CPost.h */ = {isa = PBXFileReference; fileEncoding = 4; lastKnownFileType = sourcecode.c.h; path = CPost.h; sourceTree = "<group>"; };
		47536C26147195C500494B85 /* CRequest.cpp */ = {isa = PBXFileReference; fileEncoding = 4; lastKnownFileType = sourcecode.cpp.cpp; path = CRequest.cpp; sourceTree = "<group>"; };
		47536C27147195C500494B85 /* CRequest.h */ = {isa = PBXFileReference; fileEncoding = 4; lastKnownFileType = sourcecode.c.h; path = CRequest.h; sourceTree = "<group>"; };
		47536C2A147195C500494B85 /* autolink.h */ = {isa = PBXFileReference; fileEncoding = 4; lastKnownFileType = sourcecode.c.h; path = autolink.h; sourceTree = "<group>"; };
		47536C2B147195C500494B85 /* config.h */ = {isa = PBXFileReference; fileEncoding = 4; lastKnownFileType = sourcecode.c.h; path = config.h; sourceTree = "<group>"; };
		47536C2C147195C500494B85 /* features.h */ = {isa = PBXFileReference; fileEncoding = 4; lastKnownFileType = sourcecode.c.h; path = features.h; sourceTree = "<group>"; };
		47536C2D147195C500494B85 /* forwards.h */ = {isa = PBXFileReference; fileEncoding = 4; lastKnownFileType = sourcecode.c.h; path = forwards.h; sourceTree = "<group>"; };
		47536C2E147195C500494B85 /* json.h */ = {isa = PBXFileReference; fileEncoding = 4; lastKnownFileType = sourcecode.c.h; path = json.h; sourceTree = "<group>"; };
		47536C2F147195C500494B85 /* reader.h */ = {isa = PBXFileReference; fileEncoding = 4; lastKnownFileType = sourcecode.c.h; path = reader.h; sourceTree = "<group>"; };
		47536C30147195C500494B85 /* value.h */ = {isa = PBXFileReference; fileEncoding = 4; lastKnownFileType = sourcecode.c.h; path = value.h; sourceTree = "<group>"; };
		47536C31147195C500494B85 /* writer.h */ = {isa = PBXFileReference; fileEncoding = 4; lastKnownFileType = sourcecode.c.h; path = writer.h; sourceTree = "<group>"; };
		47536C33147195C500494B85 /* json_batchallocator.h */ = {isa = PBXFileReference; fileEncoding = 4; lastKnownFileType = sourcecode.c.h; path = json_batchallocator.h; sourceTree = "<group>"; };
		47536C34147195C500494B85 /* json_internalarray.inl */ = {isa = PBXFileReference; fileEncoding = 4; lastKnownFileType = text; path = json_internalarray.inl; sourceTree = "<group>"; };
		47536C35147195C500494B85 /* json_internalmap.inl */ = {isa = PBXFileReference; fileEncoding = 4; lastKnownFileType = text; path = json_internalmap.inl; sourceTree = "<group>"; };
		47536C36147195C500494B85 /* json_reader.cpp */ = {isa = PBXFileReference; fileEncoding = 4; lastKnownFileType = sourcecode.cpp.cpp; path = json_reader.cpp; sourceTree = "<group>"; };
		47536C37147195C500494B85 /* json_tool.h */ = {isa = PBXFileReference; fileEncoding = 4; lastKnownFileType = sourcecode.c.h; path = json_tool.h; sourceTree = "<group>"; };
		47536C38147195C500494B85 /* json_value.cpp */ = {isa = PBXFileReference; fileEncoding = 4; lastKnownFileType = sourcecode.cpp.cpp; path = json_value.cpp; sourceTree = "<group>"; };
		47536C39147195C500494B85 /* json_valueiterator.inl */ = {isa = PBXFileReference; fileEncoding = 4; lastKnownFileType = text; path = json_valueiterator.inl; sourceTree = "<group>"; };
		47536C3A147195C500494B85 /* json_writer.cpp */ = {isa = PBXFileReference; fileEncoding = 4; lastKnownFileType = sourcecode.cpp.cpp; path = json_writer.cpp; sourceTree = "<group>"; };
		47536C3B147195C500494B85 /* sconscript */ = {isa = PBXFileReference; fileEncoding = 4; lastKnownFileType = text; path = sconscript; sourceTree = "<group>"; };
		47536C3D147195C500494B85 /* CData.cpp */ = {isa = PBXFileReference; fileEncoding = 4; lastKnownFileType = sourcecode.cpp.cpp; path = CData.cpp; sourceTree = "<group>"; };
		47536C3E147195C500494B85 /* CData.h */ = {isa = PBXFileReference; fileEncoding = 4; lastKnownFileType = sourcecode.c.h; path = CData.h; sourceTree = "<group>"; };
		47536C3F147195C500494B85 /* CGameVars.cpp */ = {isa = PBXFileReference; fileEncoding = 4; lastKnownFileType = sourcecode.cpp.cpp; path = CGameVars.cpp; sourceTree = "<group>"; };
		47536C40147195C500494B85 /* CGameVars.h */ = {isa = PBXFileReference; fileEncoding = 4; lastKnownFileType = sourcecode.c.h; path = CGameVars.h; sourceTree = "<group>"; };
		47536C41147195C500494B85 /* CGeoIp.cpp */ = {isa = PBXFileReference; fileEncoding = 4; lastKnownFileType = sourcecode.cpp.cpp; path = CGeoIp.cpp; sourceTree = "<group>"; };
		47536C42147195C500494B85 /* CGeoIp.h */ = {isa = PBXFileReference; fileEncoding = 4; lastKnownFileType = sourcecode.c.h; path = CGeoIp.h; sourceTree = "<group>"; };
		47536C43147195C500494B85 /* CLeaderboard.cpp */ = {isa = PBXFileReference; fileEncoding = 4; lastKnownFileType = sourcecode.cpp.cpp; path = CLeaderboard.cpp; sourceTree = "<group>"; };
		47536C44147195C500494B85 /* CLeaderboard.h */ = {isa = PBXFileReference; fileEncoding = 4; lastKnownFileType = sourcecode.c.h; path = CLeaderboard.h; sourceTree = "<group>"; };
		47536C45147195C500494B85 /* CLevel.cpp */ = {isa = PBXFileReference; fileEncoding = 4; lastKnownFileType = sourcecode.cpp.cpp; path = CLevel.cpp; sourceTree = "<group>"; };
		47536C46147195C500494B85 /* CLevel.h */ = {isa = PBXFileReference; fileEncoding = 4; lastKnownFileType = sourcecode.c.h; path = CLevel.h; sourceTree = "<group>"; };
		47536C47147195C500494B85 /* CLink.cpp */ = {isa = PBXFileReference; fileEncoding = 4; lastKnownFileType = sourcecode.cpp.cpp; path = CLink.cpp; sourceTree = "<group>"; };
		47536C48147195C500494B85 /* CLink.h */ = {isa = PBXFileReference; fileEncoding = 4; lastKnownFileType = sourcecode.c.h; path = CLink.h; sourceTree = "<group>"; };
		47536C49147195C500494B85 /* CLog.cpp */ = {isa = PBXFileReference; fileEncoding = 4; lastKnownFileType = sourcecode.cpp.cpp; path = CLog.cpp; sourceTree = "<group>"; };
		47536C4A147195C500494B85 /* CLog.h */ = {isa = PBXFileReference; fileEncoding = 4; lastKnownFileType = sourcecode.c.h; path = CLog.h; sourceTree = "<group>"; };
		47536C4B147195C500494B85 /* CLogRequest.cpp */ = {isa = PBXFileReference; fileEncoding = 4; lastKnownFileType = sourcecode.cpp.cpp; path = CLogRequest.cpp; sourceTree = "<group>"; };
		47536C4C147195C500494B85 /* CLogRequest.h */ = {isa = PBXFileReference; fileEncoding = 4; lastKnownFileType = sourcecode.c.h; path = CLogRequest.h; sourceTree = "<group>"; };
		47536C4D147195C500494B85 /* CPlayerLevels.cpp */ = {isa = PBXFileReference; fileEncoding = 4; lastKnownFileType = sourcecode.cpp.cpp; path = CPlayerLevels.cpp; sourceTree = "<group>"; };
		47536C4E147195C500494B85 /* CPlayerLevels.h */ = {isa = PBXFileReference; fileEncoding = 4; lastKnownFileType = sourcecode.c.h; path = CPlayerLevels.h; sourceTree = "<group>"; };
		47536C4F147195C500494B85 /* CPlaytomic.cpp */ = {isa = PBXFileReference; fileEncoding = 4; lastKnownFileType = sourcecode.cpp.cpp; path = CPlaytomic.cpp; sourceTree = "<group>"; };
		47536C50147195C500494B85 /* CPlaytomic.h */ = {isa = PBXFileReference; fileEncoding = 4; lastKnownFileType = sourcecode.c.h; path = CPlaytomic.h; sourceTree = "<group>"; };
		47536C51147195C500494B85 /* CPlaytomicDelegate.h */ = {isa = PBXFileReference; fileEncoding = 4; lastKnownFileType = sourcecode.c.h; path = CPlaytomicDelegate.h; sourceTree = "<group>"; };
		47536C52147195C500494B85 /* CScore.cpp */ = {isa = PBXFileReference; fileEncoding = 4; lastKnownFileType = sourcecode.cpp.cpp; path = CScore.cpp; sourceTree = "<group>"; };
		47536C53147195C500494B85 /* CScore.h */ = {isa = PBXFileReference; fileEncoding = 4; lastKnownFileType = sourcecode.c.h; path = CScore.h; sourceTree = "<group>"; };
		47536C55147195C500494B85 /* Playtomic.Build.CppClean.log */ = {isa = PBXFileReference; fileEncoding = 4; lastKnownFileType = text; path = Playtomic.Build.CppClean.log; sourceTree = "<group>"; };
		47536C56147195C500494B85 /* Playtomic.log */ = {isa = PBXFileReference; fileEncoding = 4; lastKnownFileType = text; path = Playtomic.log; sourceTree = "<group>"; };
		47536C58147195C500494B85 /* Playtomic.Build.CppClean.log */ = {isa = PBXFileReference; fileEncoding = 4; lastKnownFileType = text; path = Playtomic.Build.CppClean.log; sourceTree = "<group>"; };
		47536C59147195C500494B85 /* Playtomic.log */ = {isa = PBXFileReference; fileEncoding = 4; lastKnownFileType = text; path = Playtomic.log; sourceTree = "<group>"; };
		47536C5B147195C500494B85 /* Playtomic.Build.CppClean.log */ = {isa = PBXFileReference; fileEncoding = 4; lastKnownFileType = text; path = Playtomic.Build.CppClean.log; sourceTree = "<group>"; };
		47536C5C147195C500494B85 /* Playtomic.log */ = {isa = PBXFileReference; fileEncoding = 4; lastKnownFileType = text; path = Playtomic.log; sourceTree = "<group>"; };
		47536C5D147195C500494B85 /* Playtomic.vcxproj */ = {isa = PBXFileReference; fileEncoding = 4; lastKnownFileType = text.xml; path = Playtomic.vcxproj; sourceTree = "<group>"; };
		47536C5E147195C500494B85 /* Playtomic.vcxproj.filters */ = {isa = PBXFileReference; fileEncoding = 4; lastKnownFileType = text.xml; path = Playtomic.vcxproj.filters; sourceTree = "<group>"; };
		47536C5F147195C500494B85 /* Playtomic.vcxproj.user */ = {isa = PBXFileReference; fileEncoding = 4; lastKnownFileType = text.xml; path = Playtomic.vcxproj.user; sourceTree = "<group>"; };
		47536C60147195C500494B85 /* PlaytomicDefines.h */ = {isa = PBXFileReference; fileEncoding = 4; lastKnownFileType = sourcecode.c.h; path = PlaytomicDefines.h; sourceTree = "<group>"; };
		47536C61147195C500494B85 /* playtomicvs.props */ = {isa = PBXFileReference; fileEncoding = 4; lastKnownFileType = text.xml; path = playtomicvs.props; sourceTree = "<group>"; };
		47536C63147195C500494B85 /* Playtomic.Build.CppClean.log */ = {isa = PBXFileReference; fileEncoding = 4; lastKnownFileType = text; path = Playtomic.Build.CppClean.log; sourceTree = "<group>"; };
		47536C64147195C500494B85 /* Playtomic.log */ = {isa = PBXFileReference; fileEncoding = 4; lastKnownFileType = text; path = Playtomic.log; sourceTree = "<group>"; };
		47536C66147195C500494B85 /* FastDelegate.h */ = {isa = PBXFileReference; fileEncoding = 4; lastKnownFileType = sourcecode.c.h; path = FastDelegate.h; sourceTree = "<group>"; };
		47536C67147195C500494B85 /* FastDelegateBind.h */ = {isa = PBXFileReference; fileEncoding = 4; lastKnownFileType = sourcecode.c.h; path = FastDelegateBind.h; sourceTree = "<group>"; };
		47536C68147195C500494B85 /* MD5.cpp */ = {isa = PBXFileReference; fileEncoding = 4; lastKnownFileType = sourcecode.cpp.cpp; path = MD5.cpp; sourceTree = "<group>"; };
		47536C69147195C500494B85 /* MD5.h */ = {isa = PBXFileReference; fileEncoding = 4; lastKnownFileType = sourcecode.c.h; path = MD5.h; sourceTree = "<group>"; };
		47536C6A147195C500494B85 /* StringHelper.cpp */ = {isa = PBXFileReference; fileEncoding = 4; lastKnownFileType = sourcecode.cpp.cpp; path = StringHelper.cpp; sourceTree = "<group>"; };
		47536C6B147195C500494B85 /* StringHelper.h */ = {isa = PBXFileReference; fileEncoding = 4; lastKnownFileType = sourcecode.c.h; path = StringHelper.h; sourceTree = "<group>"; };
		47536C6C147195C500494B85 /* timer.cpp */ = {isa = PBXFileReference; fileEncoding = 4; lastKnownFileType = sourcecode.cpp.cpp; path = timer.cpp; sourceTree = "<group>"; };
		47536C6D147195C500494B85 /* timer.h */ = {isa = PBXFileReference; fileEncoding = 4; lastKnownFileType = sourcecode.c.h; path = timer.h; sourceTree = "<group>"; };
		477D3E3C149A31F000A69F5D /* File.h */ = {isa = PBXFileReference; fileEncoding = 4; lastKnownFileType = sourcecode.c.h; path = File.h; sourceTree = "<group>"; };
		477D3E40149A34AC00A69F5D /* File.cpp */ = {isa = PBXFileReference; fileEncoding = 4; lastKnownFileType = sourcecode.cpp.cpp; path = File.cpp; sourceTree = "<group>"; };
		47A808C314880A5B00DE454A /* DataStructures.cpp */ = {isa = PBXFileReference; fileEncoding = 4; lastKnownFileType = sourcecode.cpp.cpp; path = DataStructures.cpp; sourceTree = "<group>"; };
		47A808C414880A5B00DE454A /* DataStructures.h */ = {isa = PBXFileReference; fileEncoding = 4; lastKnownFileType = sourcecode.c.h; path = DataStructures.h; sourceTree = "<group>"; };
		47C9828914744635004BBEAF /* PlaytomicIOS.a */ = {isa = PBXFileReference; explicitFileType = archive.ar; includeInIndex = 0; path = PlaytomicIOS.a; sourceTree = BUILT_PRODUCTS_DIR; };
/* End PBXFileReference section */

/* Begin PBXFrameworksBuildPhase section */
		47536C141471954600494B85 /* Frameworks */ = {
			isa = PBXFrameworksBuildPhase;
			buildActionMask = 2147483647;
			files = (
			);
			runOnlyForDeploymentPostprocessing = 0;
		};
		47C9826314744635004BBEAF /* Frameworks */ = {
			isa = PBXFrameworksBuildPhase;
			buildActionMask = 2147483647;
			files = (
			);
			runOnlyForDeploymentPostprocessing = 0;
		};
/* End PBXFrameworksBuildPhase section */

/* Begin PBXGroup section */
		47536C0C1471954600494B85 = {
			isa = PBXGroup;
			children = (
				47536C1E147195C500494B85 /* CurlWrap */,
				47536C28147195C500494B85 /* json */,
				47536C3C147195C500494B85 /* Playtomic */,
				47536C65147195C500494B85 /* Tools */,
				47536C181471954600494B85 /* Products */,
			);
			sourceTree = "<group>";
		};
		47536C181471954600494B85 /* Products */ = {
			isa = PBXGroup;
			children = (
				47536C171471954600494B85 /* libPlaytomic.a */,
				47C9828914744635004BBEAF /* PlaytomicIOS.a */,
			);
			name = Products;
			sourceTree = "<group>";
		};
		47536C1E147195C500494B85 /* CurlWrap */ = {
			isa = PBXGroup;
			children = (
				47536C1F147195C500494B85 /* CConnectionInterface.cpp */,
				47536C20147195C500494B85 /* CConnectionInterface.h */,
				47536C21147195C500494B85 /* Common.h */,
				47536C22147195C500494B85 /* CPlaytomicResponse.cpp */,
				47536C23147195C500494B85 /* CPlaytomicResponse.h */,
				47536C24147195C500494B85 /* CPost.cpp */,
				47536C25147195C500494B85 /* CPost.h */,
				47536C26147195C500494B85 /* CRequest.cpp */,
				47536C27147195C500494B85 /* CRequest.h */,
			);
			path = CurlWrap;
			sourceTree = "<group>";
		};
		47536C28147195C500494B85 /* json */ = {
			isa = PBXGroup;
			children = (
				47536C29147195C500494B85 /* include */,
				47536C32147195C500494B85 /* src */,
			);
			path = json;
			sourceTree = "<group>";
		};
		47536C29147195C500494B85 /* include */ = {
			isa = PBXGroup;
			children = (
				47536C2A147195C500494B85 /* autolink.h */,
				47536C2B147195C500494B85 /* config.h */,
				47536C2C147195C500494B85 /* features.h */,
				47536C2D147195C500494B85 /* forwards.h */,
				47536C2E147195C500494B85 /* json.h */,
				47536C2F147195C500494B85 /* reader.h */,
				47536C30147195C500494B85 /* value.h */,
				47536C31147195C500494B85 /* writer.h */,
			);
			path = include;
			sourceTree = "<group>";
		};
		47536C32147195C500494B85 /* src */ = {
			isa = PBXGroup;
			children = (
				47536C33147195C500494B85 /* json_batchallocator.h */,
				47536C34147195C500494B85 /* json_internalarray.inl */,
				47536C35147195C500494B85 /* json_internalmap.inl */,
				47536C36147195C500494B85 /* json_reader.cpp */,
				47536C37147195C500494B85 /* json_tool.h */,
				47536C38147195C500494B85 /* json_value.cpp */,
				47536C39147195C500494B85 /* json_valueiterator.inl */,
				47536C3A147195C500494B85 /* json_writer.cpp */,
				47536C3B147195C500494B85 /* sconscript */,
			);
			path = src;
			sourceTree = "<group>";
		};
		47536C3C147195C500494B85 /* Playtomic */ = {
			isa = PBXGroup;
			children = (
				47A808C314880A5B00DE454A /* DataStructures.cpp */,
				47A808C414880A5B00DE454A /* DataStructures.h */,
				47536C60147195C500494B85 /* PlaytomicDefines.h */,
				47536C3D147195C500494B85 /* CData.cpp */,
				47536C3E147195C500494B85 /* CData.h */,
				47536C3F147195C500494B85 /* CGameVars.cpp */,
				47536C40147195C500494B85 /* CGameVars.h */,
				47536C41147195C500494B85 /* CGeoIp.cpp */,
				47536C42147195C500494B85 /* CGeoIp.h */,
				47536C43147195C500494B85 /* CLeaderboard.cpp */,
				47536C44147195C500494B85 /* CLeaderboard.h */,
				47536C45147195C500494B85 /* CLevel.cpp */,
				47536C46147195C500494B85 /* CLevel.h */,
				47536C47147195C500494B85 /* CLink.cpp */,
				47536C48147195C500494B85 /* CLink.h */,
				47536C49147195C500494B85 /* CLog.cpp */,
				47536C4A147195C500494B85 /* CLog.h */,
				47536C4B147195C500494B85 /* CLogRequest.cpp */,
				47536C4C147195C500494B85 /* CLogRequest.h */,
				47536C4D147195C500494B85 /* CPlayerLevels.cpp */,
				47536C4E147195C500494B85 /* CPlayerLevels.h */,
				47536C4F147195C500494B85 /* CPlaytomic.cpp */,
				47536C50147195C500494B85 /* CPlaytomic.h */,
				47536C51147195C500494B85 /* CPlaytomicDelegate.h */,
				47536C52147195C500494B85 /* CScore.cpp */,
				47536C53147195C500494B85 /* CScore.h */,
				47536C54147195C500494B85 /* Debug */,
				47536C57147195C500494B85 /* DllDebug */,
				47536C5A147195C500494B85 /* DLLRelease */,
				47536C5D147195C500494B85 /* Playtomic.vcxproj */,
				47536C5E147195C500494B85 /* Playtomic.vcxproj.filters */,
				47536C5F147195C500494B85 /* Playtomic.vcxproj.user */,
				47536C61147195C500494B85 /* playtomicvs.props */,
				47536C62147195C500494B85 /* Release */,
			);
			path = Playtomic;
			sourceTree = "<group>";
		};
		47536C54147195C500494B85 /* Debug */ = {
			isa = PBXGroup;
			children = (
				47536C55147195C500494B85 /* Playtomic.Build.CppClean.log */,
				47536C56147195C500494B85 /* Playtomic.log */,
			);
			path = Debug;
			sourceTree = "<group>";
		};
		47536C57147195C500494B85 /* DllDebug */ = {
			isa = PBXGroup;
			children = (
				47536C58147195C500494B85 /* Playtomic.Build.CppClean.log */,
				47536C59147195C500494B85 /* Playtomic.log */,
			);
			path = DllDebug;
			sourceTree = "<group>";
		};
		47536C5A147195C500494B85 /* DLLRelease */ = {
			isa = PBXGroup;
			children = (
				47536C5B147195C500494B85 /* Playtomic.Build.CppClean.log */,
				47536C5C147195C500494B85 /* Playtomic.log */,
			);
			path = DLLRelease;
			sourceTree = "<group>";
		};
		47536C62147195C500494B85 /* Release */ = {
			isa = PBXGroup;
			children = (
				47536C63147195C500494B85 /* Playtomic.Build.CppClean.log */,
				47536C64147195C500494B85 /* Playtomic.log */,
			);
			path = Release;
			sourceTree = "<group>";
		};
		47536C65147195C500494B85 /* Tools */ = {
			isa = PBXGroup;
			children = (
				47536C66147195C500494B85 /* FastDelegate.h */,
				47536C67147195C500494B85 /* FastDelegateBind.h */,
				47536C68147195C500494B85 /* MD5.cpp */,
				47536C69147195C500494B85 /* MD5.h */,
				47536C6A147195C500494B85 /* StringHelper.cpp */,
				47536C6B147195C500494B85 /* StringHelper.h */,
				47536C6C147195C500494B85 /* timer.cpp */,
				47536C6D147195C500494B85 /* timer.h */,
				477D3E3C149A31F000A69F5D /* File.h */,
				477D3E40149A34AC00A69F5D /* File.cpp */,
			);
			path = Tools;
			sourceTree = "<group>";
		};
/* End PBXGroup section */

/* Begin PBXHeadersBuildPhase section */
		47536C151471954600494B85 /* Headers */ = {
			isa = PBXHeadersBuildPhase;
			buildActionMask = 2147483647;
			files = (
				47536C6F147195C500494B85 /* CConnectionInterface.h in Headers */,
				47536C70147195C500494B85 /* Common.h in Headers */,
				47536C72147195C500494B85 /* CPlaytomicResponse.h in Headers */,
				47536C74147195C500494B85 /* CPost.h in Headers */,
				47536C76147195C500494B85 /* CRequest.h in Headers */,
				47536C77147195C500494B85 /* autolink.h in Headers */,
				47536C78147195C500494B85 /* config.h in Headers */,
				47536C79147195C500494B85 /* features.h in Headers */,
				47536C7A147195C500494B85 /* forwards.h in Headers */,
				47536C7B147195C500494B85 /* json.h in Headers */,
				47536C7C147195C500494B85 /* reader.h in Headers */,
				47536C7D147195C500494B85 /* value.h in Headers */,
				47536C7E147195C500494B85 /* writer.h in Headers */,
				47536C7F147195C500494B85 /* json_batchallocator.h in Headers */,
				47536C81147195C500494B85 /* json_tool.h in Headers */,
				47536C85147195C500494B85 /* CData.h in Headers */,
				47536C87147195C500494B85 /* CGameVars.h in Headers */,
				47536C89147195C500494B85 /* CGeoIp.h in Headers */,
				47536C8B147195C500494B85 /* CLeaderboard.h in Headers */,
				47536C8D147195C500494B85 /* CLevel.h in Headers */,
				47536C8F147195C500494B85 /* CLink.h in Headers */,
				47536C91147195C500494B85 /* CLog.h in Headers */,
				47536C93147195C500494B85 /* CLogRequest.h in Headers */,
				47536C95147195C500494B85 /* CPlayerLevels.h in Headers */,
				47536C97147195C500494B85 /* CPlaytomic.h in Headers */,
				47536C98147195C500494B85 /* CPlaytomicDelegate.h in Headers */,
				47536C9A147195C500494B85 /* CScore.h in Headers */,
				47536C9B147195C500494B85 /* PlaytomicDefines.h in Headers */,
				47536C9C147195C500494B85 /* FastDelegate.h in Headers */,
				47536C9D147195C500494B85 /* FastDelegateBind.h in Headers */,
				47536C9F147195C500494B85 /* MD5.h in Headers */,
				47536CA1147195C500494B85 /* StringHelper.h in Headers */,
				47536CA3147195C500494B85 /* timer.h in Headers */,
				47A808C614880A5B00DE454A /* DataStructures.h in Headers */,
				477D3E3D149A31F000A69F5D /* File.h in Headers */,
			);
			runOnlyForDeploymentPostprocessing = 0;
		};
		47C9826414744635004BBEAF /* Headers */ = {
			isa = PBXHeadersBuildPhase;
			buildActionMask = 2147483647;
			files = (
				47C9826514744635004BBEAF /* CConnectionInterface.h in Headers */,
				47C9826614744635004BBEAF /* Common.h in Headers */,
				47C9826714744635004BBEAF /* CPlaytomicResponse.h in Headers */,
				47C9826814744635004BBEAF /* CPost.h in Headers */,
				47C9826914744635004BBEAF /* CRequest.h in Headers */,
				47C9826A14744635004BBEAF /* autolink.h in Headers */,
				47C9826B14744635004BBEAF /* config.h in Headers */,
				47C9826C14744635004BBEAF /* features.h in Headers */,
				47C9826D14744635004BBEAF /* forwards.h in Headers */,
				47C9826E14744635004BBEAF /* json.h in Headers */,
				47C9826F14744635004BBEAF /* reader.h in Headers */,
				47C9827014744635004BBEAF /* value.h in Headers */,
				47C9827114744635004BBEAF /* writer.h in Headers */,
				47C9827214744635004BBEAF /* json_batchallocator.h in Headers */,
				47C9827314744635004BBEAF /* json_tool.h in Headers */,
				47C9827414744635004BBEAF /* CData.h in Headers */,
				47C9827514744635004BBEAF /* CGameVars.h in Headers */,
				47C9827614744635004BBEAF /* CGeoIp.h in Headers */,
				47C9827714744635004BBEAF /* CLeaderboard.h in Headers */,
				47C9827814744635004BBEAF /* CLevel.h in Headers */,
				47C9827914744635004BBEAF /* CLink.h in Headers */,
				47C9827A14744635004BBEAF /* CLog.h in Headers */,
				47C9827B14744635004BBEAF /* CLogRequest.h in Headers */,
				47C9827C14744635004BBEAF /* CPlayerLevels.h in Headers */,
				47C9827D14744635004BBEAF /* CPlaytomic.h in Headers */,
				47C9827E14744635004BBEAF /* CPlaytomicDelegate.h in Headers */,
				47C9827F14744635004BBEAF /* CScore.h in Headers */,
				47C9828014744635004BBEAF /* PlaytomicDefines.h in Headers */,
				47C9828114744635004BBEAF /* FastDelegate.h in Headers */,
				47C9828214744635004BBEAF /* FastDelegateBind.h in Headers */,
				47C9828314744635004BBEAF /* MD5.h in Headers */,
				47C9828414744635004BBEAF /* StringHelper.h in Headers */,
				47C9828514744635004BBEAF /* timer.h in Headers */,
				477D3E3E149A31F000A69F5D /* File.h in Headers */,
			);
			runOnlyForDeploymentPostprocessing = 0;
		};
/* End PBXHeadersBuildPhase section */

/* Begin PBXNativeTarget section */
		47536C161471954600494B85 /* Playtomic */ = {
			isa = PBXNativeTarget;
			buildConfigurationList = 47536C1B1471954600494B85 /* Build configuration list for PBXNativeTarget "Playtomic" */;
			buildPhases = (
				47536C131471954600494B85 /* Sources */,
				47536C141471954600494B85 /* Frameworks */,
				47536C151471954600494B85 /* Headers */,
			);
			buildRules = (
			);
			dependencies = (
			);
			name = Playtomic;
			productName = Playtomic;
			productReference = 47536C171471954600494B85 /* libPlaytomic.a */;
			productType = "com.apple.product-type.library.static";
		};
		47C9824C14744635004BBEAF /* PlaytomicIOS */ = {
			isa = PBXNativeTarget;
			buildConfigurationList = 47C9828614744635004BBEAF /* Build configuration list for PBXNativeTarget "PlaytomicIOS" */;
			buildPhases = (
				47C9824D14744635004BBEAF /* Sources */,
				47C9826314744635004BBEAF /* Frameworks */,
				47C9826414744635004BBEAF /* Headers */,
				47BA30DD1475856300812D23 /* ShellScript */,
				47BA30DF147588F300812D23 /* ShellScript */,
			);
			buildRules = (
			);
			dependencies = (
			);
			name = PlaytomicIOS;
			productName = Playtomic;
			productReference = 47C9828914744635004BBEAF /* PlaytomicIOS.a */;
			productType = "com.apple.product-type.library.static";
		};
/* End PBXNativeTarget section */

/* Begin PBXProject section */
		47536C0E1471954600494B85 /* Project object */ = {
			isa = PBXProject;
			attributes = {
				LastUpgradeCheck = 0420;
			};
			buildConfigurationList = 47536C111471954600494B85 /* Build configuration list for PBXProject "Playtomic" */;
			compatibilityVersion = "Xcode 3.2";
			developmentRegion = English;
			hasScannedForEncodings = 0;
			knownRegions = (
				en,
			);
			mainGroup = 47536C0C1471954600494B85;
			productRefGroup = 47536C181471954600494B85 /* Products */;
			projectDirPath = "";
			projectRoot = "";
			targets = (
				47536C161471954600494B85 /* Playtomic */,
				47C9824C14744635004BBEAF /* PlaytomicIOS */,
				47E397091497CC1F0099DF5E /* createPrebuild */,
			);
		};
/* End PBXProject section */

/* Begin PBXShellScriptBuildPhase section */
		47BA30DD1475856300812D23 /* ShellScript */ = {
			isa = PBXShellScriptBuildPhase;
			buildActionMask = 2147483647;
			files = (
			);
			inputPaths = (
			);
			outputPaths = (
			);
			runOnlyForDeploymentPostprocessing = 0;
			shellPath = /bin/sh;
			shellScript = "# Version 2.0 (updated for Xcode 4, with some fixes)\n# Changes:\n#    - Works with xcode 4, even when running xcode 3 projects (Workarounds for apple bugs)\n#    - Faster / better: only runs lipo once, instead of once per recursion\n#    - Added some debugging statemetns that can be switched on/off by changing the DEBUG_THIS_SCRIPT variable to \"true\"\n#    - Fixed some typos\n# \n# Purpose:\n#   Create a static library for iPhone from within XCode\n#   Because Apple staff DELIBERATELY broke Xcode to make this impossible from the GUI (Xcode 3.2.3 specifically states this in the Release notes!)\n#   ...no, I don't understand why they did this!\n#\n# Author: Adam Martin - http://twitter.com/redglassesapps\n# Based on: original script from Eonil (main changes: Eonil's script WILL NOT WORK in Xcode GUI - it WILL CRASH YOUR COMPUTER)\n#\n# More info: see this Stack Overflow question: http://stackoverflow.com/questions/3520977/build-fat-static-library-device-simulator-using-xcode-and-sdk-4\n\n#################[ Tests: helps workaround any future bugs in Xcode ]########\n#\nDEBUG_THIS_SCRIPT=\"false\"\n\nif [ $DEBUG_THIS_SCRIPT = \"true\" ]\nthen\necho \"########### TESTS #############\"\necho \"Use the following variables when debugging this script; note that they may change on recursions\"\necho \"BUILD_DIR = $BUILD_DIR\"\necho \"BUILD_ROOT = $BUILD_ROOT\"\necho \"CONFIGURATION_BUILD_DIR = $CONFIGURATION_BUILD_DIR\"\necho \"BUILT_PRODUCTS_DIR = $BUILT_PRODUCTS_DIR\"\necho \"CONFIGURATION_TEMP_DIR = $CONFIGURATION_TEMP_DIR\"\necho \"TARGET_BUILD_DIR = $TARGET_BUILD_DIR\"\nfi\n\n#####################[ part 1 ]##################\n# First, work out the BASESDK version number (NB: Apple ought to report this, but they hide it)\n#    (incidental: searching for substrings in sh is a nightmare! Sob)\n\nSDK_VERSION=$(echo ${SDK_NAME} | grep -o '.\\{3\\}$')\n\n# Next, work out if we're in SIM or DEVICE\n\nif [ ${PLATFORM_NAME} = \"iphonesimulator\" ]\nthen\nOTHER_SDK_TO_BUILD=iphoneos${SDK_VERSION}\nelse\nOTHER_SDK_TO_BUILD=iphonesimulator${SDK_VERSION}\nfi\n\necho \"XCode has selected SDK: ${PLATFORM_NAME} with version: ${SDK_VERSION} (although back-targetting: ${IPHONEOS_DEPLOYMENT_TARGET})\"\necho \"...therefore, OTHER_SDK_TO_BUILD = ${OTHER_SDK_TO_BUILD}\"\n#\n#####################[ end of part 1 ]##################\n\n#####################[ part 2 ]##################\n#\n# IF this is the original invocation, invoke WHATEVER other builds are required\n#\n# Xcode is already building ONE target...\n#\n# ...but this is a LIBRARY, so Apple is wrong to set it to build just one.\n# ...we need to build ALL targets\n# ...we MUST NOT re-build the target that is ALREADY being built: Xcode WILL CRASH YOUR COMPUTER if you try this (infinite recursion!)\n#\n#\n# So: build ONLY the missing platforms/configurations.\n\nif [ \"true\" == ${ALREADYINVOKED:-false} ]\nthen\necho \"RECURSION: I am NOT the root invocation, so I'm NOT going to recurse\"\nelse\n# CRITICAL:\n# Prevent infinite recursion (Xcode sucks)\nexport ALREADYINVOKED=\"true\"\n\necho \"RECURSION: I am the root ... recursing all missing build targets NOW...\"\necho \"RECURSION: ...about to invoke: xcodebuild -configuration \\\"${CONFIGURATION}\\\" -target \\\"${TARGET_NAME}\\\" -sdk \\\"${OTHER_SDK_TO_BUILD}\\\" ${ACTION} RUN_CLANG_STATIC_ANALYZER=NO\"\nxcodebuild -configuration \"${CONFIGURATION}\" -target \"${TARGET_NAME}\" -sdk \"${OTHER_SDK_TO_BUILD}\" ${ACTION} RUN_CLANG_STATIC_ANALYZER=NO BUILD_DIR=\"${BUILD_DIR}\" BUILD_ROOT=\"${BUILD_ROOT}\"\n\nACTION=\"build\"\n\n#Merge all platform binaries as a fat binary for each configurations.\n\n# Calculate where the (multiple) built files are coming from:\nCURRENTCONFIG_DEVICE_DIR=${SYMROOT}/${CONFIGURATION}-iphoneos\nCURRENTCONFIG_SIMULATOR_DIR=${SYMROOT}/${CONFIGURATION}-iphonesimulator\n\necho \"Taking device build from: ${CURRENTCONFIG_DEVICE_DIR}\"\necho \"Taking simulator build from: ${CURRENTCONFIG_SIMULATOR_DIR}\"\n\nCREATING_UNIVERSAL_DIR=${SYMROOT}/${CONFIGURATION}-universal\necho \"...I will output a universal build to: ${CREATING_UNIVERSAL_DIR}\"\n\n# ... remove the products of previous runs of this script\n#      NB: this directory is ONLY created by this script - it should be safe to delete!\n\nrm -rf \"${CREATING_UNIVERSAL_DIR}\"\nmkdir \"${CREATING_UNIVERSAL_DIR}\"\n\n#\necho \"lipo: for current configuration (${CONFIGURATION}) creating output file: ${CREATING_UNIVERSAL_DIR}/${EXECUTABLE_NAME}\"\nlipo -create -output \"${CREATING_UNIVERSAL_DIR}/${EXECUTABLE_NAME}\" \"${CURRENTCONFIG_DEVICE_DIR}/${EXECUTABLE_NAME}\" \"${CURRENTCONFIG_SIMULATOR_DIR}/${EXECUTABLE_NAME}\"\n\n#########\n#\n# Added: StackOverflow suggestion to also copy \"include\" files\n#    (untested, but should work OK)\n#\nif [ -d \"${CURRENTCONFIG_DEVICE_DIR}/usr/local/include\" ]\nthen\nmkdir -p \"${CREATING_UNIVERSAL_DIR}/usr/local/include\"\n# * needs to be outside the double quotes?\ncp \"${CURRENTCONFIG_DEVICE_DIR}/usr/local/include/\"* \"${CREATING_UNIVERSAL_DIR}/usr/local/include\"\nfi\nfi\n";
		};
		47BA30DF147588F300812D23 /* ShellScript */ = {
			isa = PBXShellScriptBuildPhase;
			buildActionMask = 2147483647;
			files = (
			);
			inputPaths = (
			);
			outputPaths = (
			);
			runOnlyForDeploymentPostprocessing = 0;
			shellPath = /bin/sh;
			shellScript = "# name and build location\nFRAMEWORK_NAME=${PROJECT_NAME}\nFRAMEWORK_BUILD_PATH=\"${PROJECT_DIR}/build/Framework\"\n\n# these never change\nFRAMEWORK_VERSION=A\nFRAMEWORK_CURRENT_VERSION=1\nFRAMEWORK_COMPATIBILITY_VERSION=1\n\n# Clean any existing framework that might be there\nif [ -d \"$FRAMEWORK_BUILD_PATH\" ]\nthen\necho \"Framework: Cleaning framework...\"\nrm -rf \"$FRAMEWORK_BUILD_PATH\"\nfi\n\n# Build the canonical Framework bundle directory structure\necho \"Framework: Setting up directories...\"\nFRAMEWORK_DIR=$FRAMEWORK_BUILD_PATH/$FRAMEWORK_NAME.framework\nmkdir -p $FRAMEWORK_DIR\nmkdir -p $FRAMEWORK_DIR/Versions\nmkdir -p $FRAMEWORK_DIR/Versions/$FRAMEWORK_VERSION\nmkdir -p $FRAMEWORK_DIR/Versions/$FRAMEWORK_VERSION/Resources\nmkdir -p $FRAMEWORK_DIR/Versions/$FRAMEWORK_VERSION/Headers\n\necho \"Framework: Creating symlinks...\"\nln -s $FRAMEWORK_VERSION $FRAMEWORK_DIR/Versions/Current\nln -s Versions/Current/Headers $FRAMEWORK_DIR/Headers\nln -s Versions/Current/Resources $FRAMEWORK_DIR/Resources\nln -s Versions/Current/$FRAMEWORK_NAME $FRAMEWORK_DIR/$FRAMEWORK_NAME\n\nCURRENTCONFIG_DEVICE_DIR=${SYMROOT}/${CONFIGURATION}-iphoneos\nCURRENTCONFIG_SIMULATOR_DIR=${SYMROOT}/${CONFIGURATION}-iphonesimulator\n\n# combine lib files for various platforms into one\necho \"Framework: Creating library...\"\nlipo -create \"${CURRENTCONFIG_DEVICE_DIR}/${EXECUTABLE_NAME}\" \"${CURRENTCONFIG_SIMULATOR_DIR}/${EXECUTABLE_NAME}\" -o \"$FRAMEWORK_DIR/Versions/Current/$FRAMEWORK_NAME\"\n\necho \"Framework: Copying assets into current version...\"\ncp ${SRCROOT}/Playtomic/*.h $FRAMEWORK_DIR/Headers/\ncp ${SRCROOT}/Tools/*.h $FRAMEWORK_DIR/Headers/\ncp ${SRCROOT}/CurlWrap/*.h $FRAMEWORK_DIR/Headers/\ncp ${SRCROOT}/json/include/*.h $FRAMEWORK_DIR/Headers/";
		};
		47E3970D1497CC250099DF5E /* ShellScript */ = {
			isa = PBXShellScriptBuildPhase;
			buildActionMask = 2147483647;
			files = (
			);
			inputPaths = (
			);
			outputPaths = (
			);
			runOnlyForDeploymentPostprocessing = 0;
			shellPath = /bin/sh;
			shellScript = "XCODEBUILD_PATH=/Developer/usr/bin\nXCODEBUILD=$XCODEBUILD_PATH/xcodebuild\n\necho \"set out dir ${SRCROOT}\" \nOUT_DIR=${SRCROOT}/prebuilt\necho \"OUT_DIR = $OUT_DIR\"\n\n# Clean any existing framework that might be there\nif [ -d \"$OUT_DIR\" ]\nthen\necho \"Framework: Cleaning framework...\"\nrm -rf \"$OUT_DIR\"\nfi\n\n# Build the canonical Framework bundle directory structure\necho \"Framework: Setting up directories...\"\n\nmkdir -p $OUT_DIR\nmkdir -p $OUT_DIR/macos\nmkdir -p $OUT_DIR/iosFramework\nmkdir -p $OUT_DIR/macos/lib/${CONFIGURATION}\nmkdir -p $OUT_DIR/macos/\U0010Playtomic\nmkdir -p $OUT_DIR/macos/json\nmkdir -p $OUT_DIR/macos/json/include\nmkdir -p $OUT_DIR/macos/CurlWrap\nmkdir -p $OUT_DIR/macos/Tools\necho \"Start Universal Playtomic Generation\"\n\necho \"Step 1 : build frameworks\"\n$XCODEBUILD -target \"Playtomic\"  -configuration ${CONFIGURATION} clean build \n$XCODEBUILD -target \"PlaytomicIOS\" -configuration ${CONFIGURATION} clean build \n\n\necho \"copy files\"\n\ncp ${SRCROOT}/Playtomic/*.h $OUT_DIR/macos/\U0010Playtomic/\ncp $SRCROOT/json/include/*.h $OUT_DIR/macos/json/include/\ncp $SRCROOT/CurlWrap/*.h $OUT_DIR/macos/CurlWrap/\ncp $SRCROOT/Tools/*.h $OUT_DIR/macos/Tools/\ncp -r $SRCROOT/build/Framework/Playtomic.framework $OUT_DIR/iosFramework/\ncp $SRCROOT/Playtomic/${CONFIGURATION}/libPlaytomic.a $OUT_DIR/macos/lib/${CONFIGURATION}/";
		};
/* End PBXShellScriptBuildPhase section */

/* Begin PBXSourcesBuildPhase section */
		47536C131471954600494B85 /* Sources */ = {
			isa = PBXSourcesBuildPhase;
			buildActionMask = 2147483647;
			files = (
				47536C6E147195C500494B85 /* CConnectionInterface.cpp in Sources */,
				47536C71147195C500494B85 /* CPlaytomicResponse.cpp in Sources */,
				47536C73147195C500494B85 /* CPost.cpp in Sources */,
				47536C75147195C500494B85 /* CRequest.cpp in Sources */,
				47536C80147195C500494B85 /* json_reader.cpp in Sources */,
				47536C82147195C500494B85 /* json_value.cpp in Sources */,
				47536C83147195C500494B85 /* json_writer.cpp in Sources */,
				47536C84147195C500494B85 /* CData.cpp in Sources */,
				47536C86147195C500494B85 /* CGameVars.cpp in Sources */,
				47536C88147195C500494B85 /* CGeoIp.cpp in Sources */,
				47536C8A147195C500494B85 /* CLeaderboard.cpp in Sources */,
				47536C8C147195C500494B85 /* CLevel.cpp in Sources */,
				47536C8E147195C500494B85 /* CLink.cpp in Sources */,
				47536C90147195C500494B85 /* CLog.cpp in Sources */,
				47536C92147195C500494B85 /* CLogRequest.cpp in Sources */,
				47536C94147195C500494B85 /* CPlayerLevels.cpp in Sources */,
				47536C96147195C500494B85 /* CPlaytomic.cpp in Sources */,
				47536C99147195C500494B85 /* CScore.cpp in Sources */,
				47536C9E147195C500494B85 /* MD5.cpp in Sources */,
				47536CA0147195C500494B85 /* StringHelper.cpp in Sources */,
				47536CA2147195C500494B85 /* timer.cpp in Sources */,
				47A808C514880A5B00DE454A /* DataStructures.cpp in Sources */,
				477D3E41149A34AC00A69F5D /* File.cpp in Sources */,
			);
			runOnlyForDeploymentPostprocessing = 0;
		};
		47C9824D14744635004BBEAF /* Sources */ = {
			isa = PBXSourcesBuildPhase;
			buildActionMask = 2147483647;
			files = (
				47C9824E14744635004BBEAF /* CConnectionInterface.cpp in Sources */,
				47C9824F14744635004BBEAF /* CPlaytomicResponse.cpp in Sources */,
				47C9825014744635004BBEAF /* CPost.cpp in Sources */,
				47C9825114744635004BBEAF /* CRequest.cpp in Sources */,
				47C9825214744635004BBEAF /* json_reader.cpp in Sources */,
				47C9825314744635004BBEAF /* json_value.cpp in Sources */,
				47C9825414744635004BBEAF /* json_writer.cpp in Sources */,
				47C9825514744635004BBEAF /* CData.cpp in Sources */,
				47C9825614744635004BBEAF /* CGameVars.cpp in Sources */,
				47C9825714744635004BBEAF /* CGeoIp.cpp in Sources */,
				47C9825814744635004BBEAF /* CLeaderboard.cpp in Sources */,
				47C9825914744635004BBEAF /* CLevel.cpp in Sources */,
				47C9825A14744635004BBEAF /* CLink.cpp in Sources */,
				47C9825B14744635004BBEAF /* CLog.cpp in Sources */,
				47C9825C14744635004BBEAF /* CLogRequest.cpp in Sources */,
				47C9825D14744635004BBEAF /* CPlayerLevels.cpp in Sources */,
				47C9825E14744635004BBEAF /* CPlaytomic.cpp in Sources */,
				47C9825F14744635004BBEAF /* CScore.cpp in Sources */,
				47C9826014744635004BBEAF /* MD5.cpp in Sources */,
				47C9826114744635004BBEAF /* StringHelper.cpp in Sources */,
				47C9826214744635004BBEAF /* timer.cpp in Sources */,
				477D3E42149A34AC00A69F5D /* File.cpp in Sources */,
			);
			runOnlyForDeploymentPostprocessing = 0;
		};
/* End PBXSourcesBuildPhase section */

/* Begin XCBuildConfiguration section */
		47536C191471954600494B85 /* Debug */ = {
			isa = XCBuildConfiguration;
			buildSettings = {
				ALWAYS_SEARCH_USER_PATHS = NO;
				ARCHS = "$(ARCHS_STANDARD_32_64_BIT)";
				COPY_PHASE_STRIP = NO;
				GCC_C_LANGUAGE_STANDARD = gnu99;
				GCC_DYNAMIC_NO_PIC = NO;
				GCC_ENABLE_OBJC_EXCEPTIONS = YES;
				GCC_OPTIMIZATION_LEVEL = 0;
				GCC_PREPROCESSOR_DEFINITIONS = (
					"DEBUG=1",
					"$(inherited)",
				);
				GCC_SYMBOLS_PRIVATE_EXTERN = NO;
				GCC_VERSION = com.apple.compilers.llvm.clang.1_0;
				GCC_WARN_64_TO_32_BIT_CONVERSION = YES;
				GCC_WARN_ABOUT_MISSING_PROTOTYPES = YES;
				GCC_WARN_ABOUT_RETURN_TYPE = YES;
				GCC_WARN_UNUSED_VARIABLE = YES;
				MACOSX_DEPLOYMENT_TARGET = 10.7;
				ONLY_ACTIVE_ARCH = YES;
				SDKROOT = macosx;
			};
			name = Debug;
		};
		47536C1A1471954600494B85 /* Release */ = {
			isa = XCBuildConfiguration;
			buildSettings = {
				ALWAYS_SEARCH_USER_PATHS = NO;
				ARCHS = "$(ARCHS_STANDARD_32_64_BIT)";
				COPY_PHASE_STRIP = YES;
				DEBUG_INFORMATION_FORMAT = "dwarf-with-dsym";
				GCC_C_LANGUAGE_STANDARD = gnu99;
				GCC_ENABLE_OBJC_EXCEPTIONS = YES;
				GCC_VERSION = com.apple.compilers.llvm.clang.1_0;
				GCC_WARN_64_TO_32_BIT_CONVERSION = YES;
				GCC_WARN_ABOUT_MISSING_PROTOTYPES = YES;
				GCC_WARN_ABOUT_RETURN_TYPE = YES;
				GCC_WARN_UNUSED_VARIABLE = YES;
				MACOSX_DEPLOYMENT_TARGET = 10.7;
				SDKROOT = macosx;
			};
			name = Release;
		};
		47536C1C1471954600494B85 /* Debug */ = {
			isa = XCBuildConfiguration;
			buildSettings = {
				ARCHS = "$(ARCHS_STANDARD_64_BIT)";
				EXECUTABLE_PREFIX = lib;
				GCC_PREPROCESSOR_DEFINITIONS = (
					x86_64,
					"_OPENBSD_=1",
				);
				HEADER_SEARCH_PATHS = (
					"./Dependencies/macos/currlib/**",
					"./Dependencies/macos/Boost/**",
				);
				PRODUCT_NAME = "$(TARGET_NAME)";
				SDKROOT = macosx;
				SYMROOT = ./Playtomic;
				WARNING_CFLAGS = "";
			};
			name = Debug;
		};
		47536C1D1471954600494B85 /* Release */ = {
			isa = XCBuildConfiguration;
			buildSettings = {
				ARCHS = "$(ARCHS_STANDARD_64_BIT)";
				EXECUTABLE_PREFIX = lib;
				GCC_PREPROCESSOR_DEFINITIONS = (
					x86_64,
					"_OPENBSD_=1",
				);
				HEADER_SEARCH_PATHS = (
					"./Dependencies/macos/currlib/**",
					"./Dependencies/macos/Boost/**",
				);
				PRODUCT_NAME = "$(TARGET_NAME)";
				SDKROOT = macosx;
				SYMROOT = ./Playtomic;
				WARNING_CFLAGS = "";
			};
			name = Release;
		};
		47C9828714744635004BBEAF /* Debug */ = {
			isa = XCBuildConfiguration;
			buildSettings = {
				ARCHS = "$(ARCHS_STANDARD_32_BIT)";
				EXECUTABLE_PREFIX = "";
				GCC_PREPROCESSOR_DEFINITIONS = "_OPENBSD_=1";
				HEADER_SEARCH_PATHS = (
					"./Dependencies/macos/currlib/**",
					"./Dependencies/macos/BoostIos/**",
				);
				ONLY_ACTIVE_ARCH = NO;
				PRODUCT_NAME = PlaytomicIOS;
				SDKROOT = iphoneos5.0;
				SYMROOT = ./Playtomic;
				TARGETED_DEVICE_FAMILY = "1,2";
				VALID_ARCHS = "armv6 armv7 i386";
				WARNING_CFLAGS = "";
				WRAPPER_EXTENSION = PlaytomicIOS;
			};
			name = Debug;
		};
		47C9828814744635004BBEAF /* Release */ = {
			isa = XCBuildConfiguration;
			buildSettings = {
				ARCHS = "$(ARCHS_STANDARD_32_BIT)";
				EXECUTABLE_PREFIX = "";
				GCC_PREPROCESSOR_DEFINITIONS = "_OPENBSD_=1";
				HEADER_SEARCH_PATHS = (
					"./Dependencies/macos/currlib/**",
					"./Dependencies/macos/BoostIos/**",
				);
				PRODUCT_NAME = PlaytomicIOS;
				SDKROOT = iphoneos5.0;
				SYMROOT = ./Playtomic;
				TARGETED_DEVICE_FAMILY = "1,2";
				VALID_ARCHS = "armv6 armv7 i386";
				WARNING_CFLAGS = "";
				WRAPPER_EXTENSION = PlaytomicIOS;
			};
			name = Release;
		};
		47E3970B1497CC1F0099DF5E /* Debug */ = {
			isa = XCBuildConfiguration;
			buildSettings = {
				PRODUCT_NAME = "$(TARGET_NAME)";
			};
			name = Debug;
		};
		47E3970C1497CC1F0099DF5E /* Release */ = {
			isa = XCBuildConfiguration;
			buildSettings = {
				PRODUCT_NAME = "$(TARGET_NAME)";
			};
			name = Release;
		};
/* End XCBuildConfiguration section */

/* Begin XCConfigurationList section */
		47536C111471954600494B85 /* Build configuration list for PBXProject "Playtomic" */ = {
			isa = XCConfigurationList;
			buildConfigurations = (
				47536C191471954600494B85 /* Debug */,
				47536C1A1471954600494B85 /* Release */,
			);
			defaultConfigurationIsVisible = 0;
			defaultConfigurationName = Release;
		};
		47536C1B1471954600494B85 /* Build configuration list for PBXNativeTarget "Playtomic" */ = {
			isa = XCConfigurationList;
			buildConfigurations = (
				47536C1C1471954600494B85 /* Debug */,
				47536C1D1471954600494B85 /* Release */,
			);
			defaultConfigurationIsVisible = 0;
			defaultConfigurationName = Release;
		};
		47C9828614744635004BBEAF /* Build configuration list for PBXNativeTarget "PlaytomicIOS" */ = {
			isa = XCConfigurationList;
			buildConfigurations = (
				47C9828714744635004BBEAF /* Debug */,
				47C9828814744635004BBEAF /* Release */,
			);
			defaultConfigurationIsVisible = 0;
			defaultConfigurationName = Release;
		};
		47E3970A1497CC1F0099DF5E /* Build configuration list for PBXAggregateTarget "createPrebuild" */ = {
			isa = XCConfigurationList;
			buildConfigurations = (
				47E3970B1497CC1F0099DF5E /* Debug */,
				47E3970C1497CC1F0099DF5E /* Release */,
			);
			defaultConfigurationIsVisible = 0;
			defaultConfigurationName = Release;
		};
/* End XCConfigurationList section */
	};
	rootObject = 47536C0E1471954600494B85 /* Project object */;
}
